
Microsoft Visual Studio Solution File, Format Version 12.00
# Visual Studio Version 16
VisualStudioVersion = 16.0.33927.289
MinimumVisualStudioVersion = 10.0.40219.1
Project("{FAE04EC0-301F-11D3-BF4B-00C04F79EFBC}") = "SecurityApp", "SecurityApp.csproj", "{B352DCB4-3CC7-4114-8351-08FCBF72ECFC}"
EndProject
Global
	GlobalSection(SolutionConfigurationPlatforms) = preSolution
		Debug|Any CPU = Debug|Any CPU
		Release|Any CPU = Release|Any CPU
	EndGlobalSection
	GlobalSection(ProjectConfigurationPlatforms) = postSolution
		{B352DCB4-3CC7-4114-8351-08FCBF72ECFC}.Debug|Any CPU.ActiveCfg = Debug|Any CPU
		{B352DCB4-3CC7-4114-8351-08FCBF72ECFC}.Debug|Any CPU.Build.0 = Debug|Any CPU
		{B352DCB4-3CC7-4114-8351-08FCBF72ECFC}.Release|Any CPU.ActiveCfg = Release|Any CPU
		{B352DCB4-3CC7-4114-8351-08FCBF72ECFC}.Release|Any CPU.Build.0 = Release|Any CPU
	EndGlobalSection
	GlobalSection(SolutionProperties) = preSolution
		HideSolutionNode = FALSE
	EndGlobalSection
	GlobalSection(ExtensibilityGlobals) = postSolution
		SolutionGuid = {A166E0B3-E76D-4541-A26A-0918F1B5932A}
	EndGlobalSection
EndGlobal
